
Microsoft Visual Studio Solution File, Format Version 12.00
# Visual Studio 15
VisualStudioVersion = 15.0.28307.852
MinimumVisualStudioVersion = 10.0.40219.1
Project("{FAE04EC0-301F-11D3-BF4B-00C04F79EFBC}") = "WebApiJwt", "WebApiJwt\WebApiJwt.csproj", "{5BA6E524-C4E5-4074-99B0-18D54495DCD1}"
EndProject
Global
	GlobalSection(SolutionConfigurationPlatforms) = preSolution
		Debug|Any CPU = Debug|Any CPU
		Release|Any CPU = Release|Any CPU
	EndGlobalSection
	GlobalSection(ProjectConfigurationPlatforms) = postSolution
		{5BA6E524-C4E5-4074-99B0-18D54495DCD1}.Debug|Any CPU.ActiveCfg = Debug|Any CPU
		{5BA6E524-C4E5-4074-99B0-18D54495DCD1}.Debug|Any CPU.Build.0 = Debug|Any CPU
		{5BA6E524-C4E5-4074-99B0-18D54495DCD1}.Release|Any CPU.ActiveCfg = Release|Any CPU
		{5BA6E524-C4E5-4074-99B0-18D54495DCD1}.Release|Any CPU.Build.0 = Release|Any CPU
	EndGlobalSection
	GlobalSection(SolutionProperties) = preSolution
		HideSolutionNode = FALSE
	EndGlobalSection
	GlobalSection(ExtensibilityGlobals) = postSolution
		SolutionGuid = {314BBD4E-9FA7-401B-8F12-91DF1B5D2D68}
	EndGlobalSection
EndGlobal
